
Microsoft Visual Studio Solution File, Format Version 12.00
# Visual Studio 2013
VisualStudioVersion = 12.0.30110.0
MinimumVisualStudioVersion = 10.0.40219.1
Project("{FAE04EC0-301F-11D3-BF4B-00C04F79EFBC}") = "SistemaVC", "SistemaVC\SistemaVC.csproj", "{0A9C1F8F-996B-4808-9885-5E79C7C5C492}"
EndProject
Global
	GlobalSection(SolutionConfigurationPlatforms) = preSolution
		Debug|Any CPU = Debug|Any CPU
		Release|Any CPU = Release|Any CPU
	EndGlobalSection
	GlobalSection(ProjectConfigurationPlatforms) = postSolution
		{0A9C1F8F-996B-4808-9885-5E79C7C5C492}.Debug|Any CPU.ActiveCfg = Debug|Any CPU
		{0A9C1F8F-996B-4808-9885-5E79C7C5C492}.Debug|Any CPU.Build.0 = Debug|Any CPU
		{0A9C1F8F-996B-4808-9885-5E79C7C5C492}.Release|Any CPU.ActiveCfg = Release|Any CPU
		{0A9C1F8F-996B-4808-9885-5E79C7C5C492}.Release|Any CPU.Build.0 = Release|Any CPU
	EndGlobalSection
	GlobalSection(SolutionProperties) = preSolution
		HideSolutionNode = FALSE
	EndGlobalSection
EndGlobal
